github.com/davecgh/go-spew v1.1.0 h1:ZDRjVQ15GmhC3fiQ8ni8+OwkZQO4DARzQgrnXU1Liz8=
github.com/davecgh/go-spew v1.1.0/go.mod h1:J7Y8YcW2NihsgmVo/mv3lAwl/skON4iLHjSsI+c5H38=
github.com/gorilla/websocket v1.4.2 h1:+/TMaTYc4QFitKJxsQ7Yye35DkWvkdLcvGKqM+x0Ufc=
github.com/gorilla/websocket v1.4.2/go.mod h1:YR8l580nyteQvAITg2hZ9XVh4b55+EU/adAjf1fMHhE=
github.com/julienschmidt/httprouter v1.3.0 h1:U0609e9tgbseu3rBINet9P48AI/D3oJs4dN7jwJOQ1U=
github.com/julienschmidt/httprouter v1.3.0/go.mod h1:JR6WtHb+2LUe8TCKY3cZOxFyyO8IZAc4RVcycCCAKdM=
github.com/libp2p/go-reuseport v0.0.2 h1:XSG94b1FJfGA01BUrT82imejHQyTxO4jEWqheyCXYvU=
github.com/libp2p/go-reuseport v0.0.2/go.mod h1:SPD+5RwGC7rcnzngoYC86GjPzjSywuQyMVAheVBD9nQ=
github.com/pkg/errors v0.9.1 h1:FEBLx1zS214owpjy7qsBeixbURkuhQAwrK5UwLGTwt4=
github.com/pkg/errors v0.9.1/go.mod h1:bwawxfHBFNV+L2hUp1rHADufV3IMtnDRdf1r5NINEl0=
github.com/pmezard/go-difflib v1.0.0 h1:4DBwDE0NGyQoBHbLQYPwSUPoCMWR5BEzIk/f1lZbAQM=
github.com/pmezard/go-difflib v1.0.0/go.mod h1:iKH77koFhYxTK1pcRnkKkqfTogsbg7gZNVY4sRDYZ/4=
github.com/stretchr/objx v0.1.0/go.mod h1:HFkY916IF+rwdDfMAkV7OtwuqBVzrE8GR6GFx+wExME=
github.com/stretchr/testify v1.5.1 h1:nOGnQDM7FYENwehXlg/kFVnos3rEvtKTjRvOWSzb6H4=
github.com/stretchr/testify v1.5.1/go.mod h1:5W2xD1RspED5o8YsWQXVCued0rvSQ+mT+I5cxcmMvtA=
github.com/valyala/bytebufferpool v1.0.0 h1:GqA5TC/0021Y/b9FG4Oi9Mr3q7XYx6KllzawFIhcdPw=
github.com/valyala/bytebufferpool v1.0.0/go.mod h1:6bBcMArwyJ5K/AmCkWv1jt77kVWyCJ6HpOuEn7z0Csc=
github.com/xtaci/gaio v1.2.11-0.20210611042229-2fcc5908e1ec h1:OVY5/MF2dYb/+mtEUrNl53RTgaKY9Sz7EiRhb7noOFE=
github.com/xtaci/gaio v1.2.11-0.20210611042229-2fcc5908e1ec/go.mod h1:rJMerwiLCLnKa14YTM/sRggTPrnBZrlCg9U3DnV5VBE=
github.com/xtaci/gaio v1.2.11 h1:ne7X8zBrqj/Qxrvrr6LHCgoC12f+hDoTNt0/4cl2NfI=
github.com/xtaci/gaio v1.2.11/go.mod h1:rJMerwiLCLnKa14YTM/sRggTPrnBZrlCg9U3DnV5VBE=
github.com/xtaci/gaio v1.2.12-0.20210715022038-d1789c953c4f h1:bwmkDZ9I25m8vCVBU6iQrUhcUMkiUclZ4kM/4/gJvIs=
github.com/xtaci/gaio v1.2.12-0.20210715022038-d1789c953c4f/go.mod h1:rJMerwiLCLnKa14YTM/sRggTPrnBZrlCg9U3DnV5VBE=
github.com/xtaci/gaio v1.2.12 h1:lHoydiv99tMzYbRC7juargY1qHGuuqaVhA50Kt/mmK4=
github.com/xtaci/gaio v1.2.12/go.mod h1:rJMerwiLCLnKa14YTM/sRggTPrnBZrlCg9U3DnV5VBE=
golang.org/x/sys v0.0.0-20190228124157-a34e9553db1e h1:ZytStCyV048ZqDsWHiYDdoI2Vd4msMcrDECFxS+tL9c=
golang.org/x/sys v0.0.0-20190228124157-a34e9553db1e/go.mod h1:STP8DvDyc/dI5b8T5hshtkjS+E42TnysNCUPdjciGhY=
gopkg.in/check.v1 v0.0.0-20161208181325-20d25e280405 h1:yhCVgyC4o1eVCa2tZl7eS0r+SDo693bJlVdllGtEeKM=
gopkg.in/check.v1 v0.0.0-20161208181325-20d25e280405/go.mod h1:Co6ibVJAznAaIkqp8huTwlJQCZ016jof/cbN4VW5Yz0=
gopkg.in/yaml.v2 v2.2.2 h1:ZCJp+EgiOT7lHqUV2J862kp8Qj64Jo6az82+3Td9dZw=
gopkg.in/yaml.v2 v2.2.2/go.mod h1:hI93XBmqTisBFMUTm0b8Fm+jr3Dg1NNxqwp+5A1VGuI=
